
Microsoft Visual Studio Solution File, Format Version 12.00
# Visual Studio Version 17
VisualStudioVersion = 17.8.34316.72
MinimumVisualStudioVersion = 10.0.40219.1
Project("{9A19103F-16F7-4668-BE54-9A1E7A4F7556}") = "Win32.NativeWindow", "Win32.NativeWindow\Win32.NativeWindow.csproj", "{B150AB9A-5437-4395-9DA0-44131B993370}"
EndProject
Project("{FAE04EC0-301F-11D3-BF4B-00C04F79EFBC}") = "Test", "Test\Test.csproj", "{97ADB595-F25D-484D-A400-7333D4806874}"
EndProject
Global
	GlobalSection(SolutionConfigurationPlatforms) = preSolution
		Debug|Any CPU = Debug|Any CPU
		Release|Any CPU = Release|Any CPU
	EndGlobalSection
	GlobalSection(ProjectConfigurationPlatforms) = postSolution
		{B150AB9A-5437-4395-9DA0-44131B993370}.Debug|Any CPU.ActiveCfg = Debug|Any CPU
		{B150AB9A-5437-4395-9DA0-44131B993370}.Debug|Any CPU.Build.0 = Debug|Any CPU
		{B150AB9A-5437-4395-9DA0-44131B993370}.Release|Any CPU.ActiveCfg = Release|Any CPU
		{B150AB9A-5437-4395-9DA0-44131B993370}.Release|Any CPU.Build.0 = Release|Any CPU
		{97ADB595-F25D-484D-A400-7333D4806874}.Debug|Any CPU.ActiveCfg = Debug|Any CPU
		{97ADB595-F25D-484D-A400-7333D4806874}.Debug|Any CPU.Build.0 = Debug|Any CPU
		{97ADB595-F25D-484D-A400-7333D4806874}.Release|Any CPU.ActiveCfg = Release|Any CPU
		{97ADB595-F25D-484D-A400-7333D4806874}.Release|Any CPU.Build.0 = Release|Any CPU
	EndGlobalSection
	GlobalSection(SolutionProperties) = preSolution
		HideSolutionNode = FALSE
	EndGlobalSection
	GlobalSection(ExtensibilityGlobals) = postSolution
		SolutionGuid = {DF34A70A-4C0E-4EED-B48C-279A1707F36B}
	EndGlobalSection
EndGlobal
